
Microsoft Visual Studio Solution File, Format Version 12.00
# Visual Studio Version 17
VisualStudioVersion = 17.2.32526.322
MinimumVisualStudioVersion = 10.0.40219.1
Project("{FAE04EC0-301F-11D3-BF4B-00C04F79EFBC}") = "KAGIDE", "KAGIDE.csproj", "{529D4EA6-4E0C-4752-A275-8E6782816792}"
EndProject
Global
	GlobalSection(SolutionConfigurationPlatforms) = preSolution
		Debug|Any CPU = Debug|Any CPU
		Release|Any CPU = Release|Any CPU
	EndGlobalSection
	GlobalSection(ProjectConfigurationPlatforms) = postSolution
		{529D4EA6-4E0C-4752-A275-8E6782816792}.Debug|Any CPU.ActiveCfg = Debug|Any CPU
		{529D4EA6-4E0C-4752-A275-8E6782816792}.Debug|Any CPU.Build.0 = Debug|Any CPU
		{529D4EA6-4E0C-4752-A275-8E6782816792}.Release|Any CPU.ActiveCfg = Release|Any CPU
		{529D4EA6-4E0C-4752-A275-8E6782816792}.Release|Any CPU.Build.0 = Release|Any CPU
	EndGlobalSection
	GlobalSection(SolutionProperties) = preSolution
		HideSolutionNode = FALSE
	EndGlobalSection
	GlobalSection(ExtensibilityGlobals) = postSolution
		SolutionGuid = {EBED8B7E-CD9F-4AD7-A8B9-268CA2E33E0E}
	EndGlobalSection
EndGlobal
